
Microsoft Visual Studio Solution File, Format Version 12.00
# Visual Studio Version 16
VisualStudioVersion = 16.0.28803.352
MinimumVisualStudioVersion = 10.0.40219.1
Project("{FAE04EC0-301F-11D3-BF4B-00C04F79EFBC}") = "ResharperFinallyBug", "ResharperFinallyBug\ResharperFinallyBug.csproj", "{AC04BE3F-7319-4589-8001-3BDA968F70F4}"
EndProject
Global
	GlobalSection(SolutionConfigurationPlatforms) = preSolution
		Debug|Any CPU = Debug|Any CPU
		Release|Any CPU = Release|Any CPU
	EndGlobalSection
	GlobalSection(ProjectConfigurationPlatforms) = postSolution
		{AC04BE3F-7319-4589-8001-3BDA968F70F4}.Debug|Any CPU.ActiveCfg = Debug|Any CPU
		{AC04BE3F-7319-4589-8001-3BDA968F70F4}.Debug|Any CPU.Build.0 = Debug|Any CPU
		{AC04BE3F-7319-4589-8001-3BDA968F70F4}.Release|Any CPU.ActiveCfg = Release|Any CPU
		{AC04BE3F-7319-4589-8001-3BDA968F70F4}.Release|Any CPU.Build.0 = Release|Any CPU
	EndGlobalSection
	GlobalSection(SolutionProperties) = preSolution
		HideSolutionNode = FALSE
	EndGlobalSection
	GlobalSection(ExtensibilityGlobals) = postSolution
		SolutionGuid = {D56F6E8C-07C5-4481-AF4D-FD3C35523D4F}
	EndGlobalSection
EndGlobal
